
Microsoft Visual Studio Solution File, Format Version 12.00
# Visual Studio Version 16
VisualStudioVersion = 16.0.29409.12
MinimumVisualStudioVersion = 10.0.40219.1
Project("{FAE04EC0-301F-11D3-BF4B-00C04F79EFBC}") = "matrix calculator", "matrix calculator\matrix calculator.csproj", "{8A062430-6738-4E21-9F27-9CC1CEDB00B7}"
EndProject
Global
	GlobalSection(SolutionConfigurationPlatforms) = preSolution
		Debug|Any CPU = Debug|Any CPU
		Release|Any CPU = Release|Any CPU
	EndGlobalSection
	GlobalSection(ProjectConfigurationPlatforms) = postSolution
		{8A062430-6738-4E21-9F27-9CC1CEDB00B7}.Debug|Any CPU.ActiveCfg = Debug|Any CPU
		{8A062430-6738-4E21-9F27-9CC1CEDB00B7}.Debug|Any CPU.Build.0 = Debug|Any CPU
		{8A062430-6738-4E21-9F27-9CC1CEDB00B7}.Release|Any CPU.ActiveCfg = Release|Any CPU
		{8A062430-6738-4E21-9F27-9CC1CEDB00B7}.Release|Any CPU.Build.0 = Release|Any CPU
	EndGlobalSection
	GlobalSection(SolutionProperties) = preSolution
		HideSolutionNode = FALSE
	EndGlobalSection
	GlobalSection(ExtensibilityGlobals) = postSolution
		SolutionGuid = {161EBDDF-5E4E-403C-89FD-8D8DC9144FF3}
	EndGlobalSection
EndGlobal
